
Microsoft Visual Studio Solution File, Format Version 12.00
# Visual Studio Version 17
VisualStudioVersion = 17.12.35527.113
MinimumVisualStudioVersion = 10.0.40219.1
Project("{FAE04EC0-301F-11D3-BF4B-00C04F79EFBC}") = "BookLink", "BookLink\BookLink.csproj", "{EAE916A0-09E9-41D3-A824-0F891655D1C6}"
EndProject
Project("{FAE04EC0-301F-11D3-BF4B-00C04F79EFBC}") = "BookLink.DataAccess", "BookLink.DataAccess\BookLink.DataAccess.csproj", "{32FAAAB8-88EC-4D17-B83E-A00943DCB2FD}"
EndProject
Project("{FAE04EC0-301F-11D3-BF4B-00C04F79EFBC}") = "BookLink.Models", "BookLink.Models\BookLink.Models.csproj", "{0CDF05C3-79AC-4960-8050-87E5D60C2C54}"
EndProject
Project("{FAE04EC0-301F-11D3-BF4B-00C04F79EFBC}") = "BookLink.Utility", "BookLink.Utility\BookLink.Utility.csproj", "{25A416D0-8971-4F8E-AEA4-6824FC65BDE4}"
EndProject
Global
	GlobalSection(SolutionConfigurationPlatforms) = preSolution
		Debug|Any CPU = Debug|Any CPU
		Release|Any CPU = Release|Any CPU
	EndGlobalSection
	GlobalSection(ProjectConfigurationPlatforms) = postSolution
		{EAE916A0-09E9-41D3-A824-0F891655D1C6}.Debug|Any CPU.ActiveCfg = Debug|Any CPU
		{EAE916A0-09E9-41D3-A824-0F891655D1C6}.Debug|Any CPU.Build.0 = Debug|Any CPU
		{EAE916A0-09E9-41D3-A824-0F891655D1C6}.Release|Any CPU.ActiveCfg = Release|Any CPU
		{EAE916A0-09E9-41D3-A824-0F891655D1C6}.Release|Any CPU.Build.0 = Release|Any CPU
		{32FAAAB8-88EC-4D17-B83E-A00943DCB2FD}.Debug|Any CPU.ActiveCfg = Debug|Any CPU
		{32FAAAB8-88EC-4D17-B83E-A00943DCB2FD}.Debug|Any CPU.Build.0 = Debug|Any CPU
		{32FAAAB8-88EC-4D17-B83E-A00943DCB2FD}.Release|Any CPU.ActiveCfg = Release|Any CPU
		{32FAAAB8-88EC-4D17-B83E-A00943DCB2FD}.Release|Any CPU.Build.0 = Release|Any CPU
		{0CDF05C3-79AC-4960-8050-87E5D60C2C54}.Debug|Any CPU.ActiveCfg = Debug|Any CPU
		{0CDF05C3-79AC-4960-8050-87E5D60C2C54}.Debug|Any CPU.Build.0 = Debug|Any CPU
		{0CDF05C3-79AC-4960-8050-87E5D60C2C54}.Release|Any CPU.ActiveCfg = Release|Any CPU
		{0CDF05C3-79AC-4960-8050-87E5D60C2C54}.Release|Any CPU.Build.0 = Release|Any CPU
		{25A416D0-8971-4F8E-AEA4-6824FC65BDE4}.Debug|Any CPU.ActiveCfg = Debug|Any CPU
		{25A416D0-8971-4F8E-AEA4-6824FC65BDE4}.Debug|Any CPU.Build.0 = Debug|Any CPU
		{25A416D0-8971-4F8E-AEA4-6824FC65BDE4}.Release|Any CPU.ActiveCfg = Release|Any CPU
		{25A416D0-8971-4F8E-AEA4-6824FC65BDE4}.Release|Any CPU.Build.0 = Release|Any CPU
	EndGlobalSection
	GlobalSection(SolutionProperties) = preSolution
		HideSolutionNode = FALSE
	EndGlobalSection
EndGlobal
